
Microsoft Visual Studio Solution File, Format Version 12.00
# Visual Studio 15
VisualStudioVersion = 15.0.27703.2047
MinimumVisualStudioVersion = 10.0.40219.1
Project("{FAE04EC0-301F-11D3-BF4B-00C04F79EFBC}") = "JeuDroides.Console.UI", "JeuDroides.Console.UI\JeuDroides.Console.UI.csproj", "{ECBFC130-C4D5-42EC-AC03-A824D1FD2F91}"
EndProject
Project("{FAE04EC0-301F-11D3-BF4B-00C04F79EFBC}") = "ZooDesRobots", "ZooDesRobots\ZooDesRobots.csproj", "{24B6C2EF-EFCF-4EBC-A049-FA4C6B4092BB}"
EndProject
Project("{FAE04EC0-301F-11D3-BF4B-00C04F79EFBC}") = "Calculateur", "Calculateur\Calculateur.csproj", "{FF7C22F7-323D-4A13-969F-A7EB963C5F79}"
EndProject
Project("{FAE04EC0-301F-11D3-BF4B-00C04F79EFBC}") = "PresentationEnumeration", "PresentationEnumeration\PresentationEnumeration.csproj", "{80EA75EC-ABCF-4B9D-910D-3152484439C1}"
EndProject
Project("{2150E333-8FDC-42A3-9474-1A3956D46DE8}") = "Projets Auxilliaires", "Projets Auxilliaires", "{DF908976-B7FB-4F1C-A315-D19A08427C77}"
EndProject
Project("{2150E333-8FDC-42A3-9474-1A3956D46DE8}") = "Projet Final", "Projet Final", "{6AF6848E-E363-481E-A67F-18048BEEA805}"
EndProject
Project("{FAE04EC0-301F-11D3-BF4B-00C04F79EFBC}") = "boss2", "boss2\boss2.csproj", "{FE6DC812-5883-4FC6-B5C4-C078E47AF489}"
EndProject
Project("{FAE04EC0-301F-11D3-BF4B-00C04F79EFBC}") = "JeuDroides.Core", "JeuDroides.Core\JeuDroides.Core.csproj", "{1FBD63F3-B3C0-4247-9946-D9958AF71F73}"
EndProject
Project("{FAE04EC0-301F-11D3-BF4B-00C04F79EFBC}") = "DecouverteAdoNet", "DecouverteAdoNet\DecouverteAdoNet.csproj", "{0470BE1E-4A7A-4711-9F8D-8785C72AB982}"
EndProject
Project("{FAE04EC0-301F-11D3-BF4B-00C04F79EFBC}") = "DecouverteAdoNetBisExecuteNonQuery", "DecouverteAdoNetBisExecuteNonQuery\DecouverteAdoNetBisExecuteNonQuery.csproj", "{80325BD4-E8F1-4089-8A47-6D08480458C2}"
EndProject
Project("{FAE04EC0-301F-11D3-BF4B-00C04F79EFBC}") = "GestionWookies", "GestionWookies\GestionWookies.csproj", "{C125F80B-416E-4A4A-BBAF-5F3CBDCDC688}"
EndProject
Project("{FAE04EC0-301F-11D3-BF4B-00C04F79EFBC}") = "DecouverteMvcNet", "DecouverteMvcNet\DecouverteMvcNet.csproj", "{01DF6FF5-E62E-4C38-8915-68A832FF6CAF}"
EndProject
Project("{FAE04EC0-301F-11D3-BF4B-00C04F79EFBC}") = "ChallengeMvcNet", "ChallengeMvcNet\ChallengeMvcNet.csproj", "{751A0DD1-92DD-4592-B124-DE4BE692F08C}"
EndProject
Project("{FAE04EC0-301F-11D3-BF4B-00C04F79EFBC}") = "DecouverteEntities", "DecouverteEntities\DecouverteEntities.csproj", "{B7DCDD63-89C9-400A-94F6-116924A9A28B}"
EndProject
Project("{FAE04EC0-301F-11D3-BF4B-00C04F79EFBC}") = "DecouverteAjoutEntities", "DecouverteAjoutEntities\DecouverteAjoutEntities.csproj", "{5288DE09-11B3-4014-BFF7-324904EE2D1D}"
EndProject
Project("{FAE04EC0-301F-11D3-BF4B-00C04F79EFBC}") = "MaSuperLibrarie", "MaSuperLibrarie\MaSuperLibrarie.csproj", "{EBA6E096-5EE9-49BA-BB20-C751A4676F8A}"
EndProject
Project("{FAE04EC0-301F-11D3-BF4B-00C04F79EFBC}") = "AppelDalEtEntities", "DecouverteDalEtEntities\AppelDalEtEntities.csproj", "{1FF9BFF4-6009-4001-B0EE-2E71B3CBC34D}"
EndProject
Project("{FAE04EC0-301F-11D3-BF4B-00C04F79EFBC}") = "DecouverteSessions", "DecouverteSessions\DecouverteSessions.csproj", "{F54DD2F6-CC8D-4780-B757-045E314BB06B}"
EndProject
Project("{2150E333-8FDC-42A3-9474-1A3956D46DE8}") = "Decouverte API", "Decouverte API", "{E440ED71-DF39-41B2-9F9C-4F596AA6FBD0}"
EndProject
Project("{FAE04EC0-301F-11D3-BF4B-00C04F79EFBC}") = "DecouverteAPIWebAPI", "DecouverteAPIWebAPI\DecouverteAPIWebAPI.csproj", "{8711049E-69F8-4C0E-84EF-0AF72DE541E4}"
EndProject
Project("{FAE04EC0-301F-11D3-BF4B-00C04F79EFBC}") = "ConsoleAppApiAppelXml", "ConsoleAppApiAppelXml\ConsoleAppApiAppelXml.csproj", "{BE6426BF-AFD0-4281-98D4-BD89601A6909}"
EndProject
Project("{FAE04EC0-301F-11D3-BF4B-00C04F79EFBC}") = "ConsoleAppApiAppelJson1Item", "ConsoleAppApiAppelJson1Item\ConsoleAppApiAppelJson1Item.csproj", "{2F117B57-38D0-486D-869B-AACEE8DF690D}"
EndProject
Global
	GlobalSection(SolutionConfigurationPlatforms) = preSolution
		Debug|Any CPU = Debug|Any CPU
		Release|Any CPU = Release|Any CPU
	EndGlobalSection
	GlobalSection(ProjectConfigurationPlatforms) = postSolution
		{ECBFC130-C4D5-42EC-AC03-A824D1FD2F91}.Debug|Any CPU.ActiveCfg = Debug|Any CPU
		{ECBFC130-C4D5-42EC-AC03-A824D1FD2F91}.Debug|Any CPU.Build.0 = Debug|Any CPU
		{ECBFC130-C4D5-42EC-AC03-A824D1FD2F91}.Release|Any CPU.ActiveCfg = Release|Any CPU
		{ECBFC130-C4D5-42EC-AC03-A824D1FD2F91}.Release|Any CPU.Build.0 = Release|Any CPU
		{24B6C2EF-EFCF-4EBC-A049-FA4C6B4092BB}.Debug|Any CPU.ActiveCfg = Debug|Any CPU
		{24B6C2EF-EFCF-4EBC-A049-FA4C6B4092BB}.Debug|Any CPU.Build.0 = Debug|Any CPU
		{24B6C2EF-EFCF-4EBC-A049-FA4C6B4092BB}.Release|Any CPU.ActiveCfg = Release|Any CPU
		{24B6C2EF-EFCF-4EBC-A049-FA4C6B4092BB}.Release|Any CPU.Build.0 = Release|Any CPU
		{FF7C22F7-323D-4A13-969F-A7EB963C5F79}.Debug|Any CPU.ActiveCfg = Debug|Any CPU
		{FF7C22F7-323D-4A13-969F-A7EB963C5F79}.Debug|Any CPU.Build.0 = Debug|Any CPU
		{FF7C22F7-323D-4A13-969F-A7EB963C5F79}.Release|Any CPU.ActiveCfg = Release|Any CPU
		{FF7C22F7-323D-4A13-969F-A7EB963C5F79}.Release|Any CPU.Build.0 = Release|Any CPU
		{80EA75EC-ABCF-4B9D-910D-3152484439C1}.Debug|Any CPU.ActiveCfg = Debug|Any CPU
		{80EA75EC-ABCF-4B9D-910D-3152484439C1}.Debug|Any CPU.Build.0 = Debug|Any CPU
		{80EA75EC-ABCF-4B9D-910D-3152484439C1}.Release|Any CPU.ActiveCfg = Release|Any CPU
		{80EA75EC-ABCF-4B9D-910D-3152484439C1}.Release|Any CPU.Build.0 = Release|Any CPU
		{FE6DC812-5883-4FC6-B5C4-C078E47AF489}.Debug|Any CPU.ActiveCfg = Debug|Any CPU
		{FE6DC812-5883-4FC6-B5C4-C078E47AF489}.Debug|Any CPU.Build.0 = Debug|Any CPU
		{FE6DC812-5883-4FC6-B5C4-C078E47AF489}.Release|Any CPU.ActiveCfg = Release|Any CPU
		{FE6DC812-5883-4FC6-B5C4-C078E47AF489}.Release|Any CPU.Build.0 = Release|Any CPU
		{1FBD63F3-B3C0-4247-9946-D9958AF71F73}.Debug|Any CPU.ActiveCfg = Debug|Any CPU
		{1FBD63F3-B3C0-4247-9946-D9958AF71F73}.Debug|Any CPU.Build.0 = Debug|Any CPU
		{1FBD63F3-B3C0-4247-9946-D9958AF71F73}.Release|Any CPU.ActiveCfg = Release|Any CPU
		{1FBD63F3-B3C0-4247-9946-D9958AF71F73}.Release|Any CPU.Build.0 = Release|Any CPU
		{0470BE1E-4A7A-4711-9F8D-8785C72AB982}.Debug|Any CPU.ActiveCfg = Debug|Any CPU
		{0470BE1E-4A7A-4711-9F8D-8785C72AB982}.Debug|Any CPU.Build.0 = Debug|Any CPU
		{0470BE1E-4A7A-4711-9F8D-8785C72AB982}.Release|Any CPU.ActiveCfg = Release|Any CPU
		{0470BE1E-4A7A-4711-9F8D-8785C72AB982}.Release|Any CPU.Build.0 = Release|Any CPU
		{80325BD4-E8F1-4089-8A47-6D08480458C2}.Debug|Any CPU.ActiveCfg = Debug|Any CPU
		{80325BD4-E8F1-4089-8A47-6D08480458C2}.Debug|Any CPU.Build.0 = Debug|Any CPU
		{80325BD4-E8F1-4089-8A47-6D08480458C2}.Release|Any CPU.ActiveCfg = Release|Any CPU
		{80325BD4-E8F1-4089-8A47-6D08480458C2}.Release|Any CPU.Build.0 = Release|Any CPU
		{C125F80B-416E-4A4A-BBAF-5F3CBDCDC688}.Debug|Any CPU.ActiveCfg = Debug|Any CPU
		{C125F80B-416E-4A4A-BBAF-5F3CBDCDC688}.Debug|Any CPU.Build.0 = Debug|Any CPU
		{C125F80B-416E-4A4A-BBAF-5F3CBDCDC688}.Release|Any CPU.ActiveCfg = Release|Any CPU
		{C125F80B-416E-4A4A-BBAF-5F3CBDCDC688}.Release|Any CPU.Build.0 = Release|Any CPU
		{01DF6FF5-E62E-4C38-8915-68A832FF6CAF}.Debug|Any CPU.ActiveCfg = Debug|Any CPU
		{01DF6FF5-E62E-4C38-8915-68A832FF6CAF}.Debug|Any CPU.Build.0 = Debug|Any CPU
		{01DF6FF5-E62E-4C38-8915-68A832FF6CAF}.Release|Any CPU.ActiveCfg = Release|Any CPU
		{01DF6FF5-E62E-4C38-8915-68A832FF6CAF}.Release|Any CPU.Build.0 = Release|Any CPU
		{751A0DD1-92DD-4592-B124-DE4BE692F08C}.Debug|Any CPU.ActiveCfg = Debug|Any CPU
		{751A0DD1-92DD-4592-B124-DE4BE692F08C}.Debug|Any CPU.Build.0 = Debug|Any CPU
		{751A0DD1-92DD-4592-B124-DE4BE692F08C}.Release|Any CPU.ActiveCfg = Release|Any CPU
		{751A0DD1-92DD-4592-B124-DE4BE692F08C}.Release|Any CPU.Build.0 = Release|Any CPU
		{B7DCDD63-89C9-400A-94F6-116924A9A28B}.Debug|Any CPU.ActiveCfg = Debug|Any CPU
		{B7DCDD63-89C9-400A-94F6-116924A9A28B}.Debug|Any CPU.Build.0 = Debug|Any CPU
		{B7DCDD63-89C9-400A-94F6-116924A9A28B}.Release|Any CPU.ActiveCfg = Release|Any CPU
		{B7DCDD63-89C9-400A-94F6-116924A9A28B}.Release|Any CPU.Build.0 = Release|Any CPU
		{5288DE09-11B3-4014-BFF7-324904EE2D1D}.Debug|Any CPU.ActiveCfg = Debug|Any CPU
		{5288DE09-11B3-4014-BFF7-324904EE2D1D}.Debug|Any CPU.Build.0 = Debug|Any CPU
		{5288DE09-11B3-4014-BFF7-324904EE2D1D}.Release|Any CPU.ActiveCfg = Release|Any CPU
		{5288DE09-11B3-4014-BFF7-324904EE2D1D}.Release|Any CPU.Build.0 = Release|Any CPU
		{EBA6E096-5EE9-49BA-BB20-C751A4676F8A}.Debug|Any CPU.ActiveCfg = Debug|Any CPU
		{EBA6E096-5EE9-49BA-BB20-C751A4676F8A}.Debug|Any CPU.Build.0 = Debug|Any CPU
		{EBA6E096-5EE9-49BA-BB20-C751A4676F8A}.Release|Any CPU.ActiveCfg = Release|Any CPU
		{EBA6E096-5EE9-49BA-BB20-C751A4676F8A}.Release|Any CPU.Build.0 = Release|Any CPU
		{1FF9BFF4-6009-4001-B0EE-2E71B3CBC34D}.Debug|Any CPU.ActiveCfg = Debug|Any CPU
		{1FF9BFF4-6009-4001-B0EE-2E71B3CBC34D}.Debug|Any CPU.Build.0 = Debug|Any CPU
		{1FF9BFF4-6009-4001-B0EE-2E71B3CBC34D}.Release|Any CPU.ActiveCfg = Release|Any CPU
		{1FF9BFF4-6009-4001-B0EE-2E71B3CBC34D}.Release|Any CPU.Build.0 = Release|Any CPU
		{F54DD2F6-CC8D-4780-B757-045E314BB06B}.Debug|Any CPU.ActiveCfg = Debug|Any CPU
		{F54DD2F6-CC8D-4780-B757-045E314BB06B}.Debug|Any CPU.Build.0 = Debug|Any CPU
		{F54DD2F6-CC8D-4780-B757-045E314BB06B}.Release|Any CPU.ActiveCfg = Release|Any CPU
		{F54DD2F6-CC8D-4780-B757-045E314BB06B}.Release|Any CPU.Build.0 = Release|Any CPU
		{8711049E-69F8-4C0E-84EF-0AF72DE541E4}.Debug|Any CPU.ActiveCfg = Debug|Any CPU
		{8711049E-69F8-4C0E-84EF-0AF72DE541E4}.Debug|Any CPU.Build.0 = Debug|Any CPU
		{8711049E-69F8-4C0E-84EF-0AF72DE541E4}.Release|Any CPU.ActiveCfg = Release|Any CPU
		{8711049E-69F8-4C0E-84EF-0AF72DE541E4}.Release|Any CPU.Build.0 = Release|Any CPU
		{BE6426BF-AFD0-4281-98D4-BD89601A6909}.Debug|Any CPU.ActiveCfg = Debug|Any CPU
		{BE6426BF-AFD0-4281-98D4-BD89601A6909}.Debug|Any CPU.Build.0 = Debug|Any CPU
		{BE6426BF-AFD0-4281-98D4-BD89601A6909}.Release|Any CPU.ActiveCfg = Release|Any CPU
		{BE6426BF-AFD0-4281-98D4-BD89601A6909}.Release|Any CPU.Build.0 = Release|Any CPU
		{2F117B57-38D0-486D-869B-AACEE8DF690D}.Debug|Any CPU.ActiveCfg = Debug|Any CPU
		{2F117B57-38D0-486D-869B-AACEE8DF690D}.Debug|Any CPU.Build.0 = Debug|Any CPU
		{2F117B57-38D0-486D-869B-AACEE8DF690D}.Release|Any CPU.ActiveCfg = Release|Any CPU
		{2F117B57-38D0-486D-869B-AACEE8DF690D}.Release|Any CPU.Build.0 = Release|Any CPU
	EndGlobalSection
	GlobalSection(SolutionProperties) = preSolution
		HideSolutionNode = FALSE
	EndGlobalSection
	GlobalSection(NestedProjects) = preSolution
		{ECBFC130-C4D5-42EC-AC03-A824D1FD2F91} = {6AF6848E-E363-481E-A67F-18048BEEA805}
		{24B6C2EF-EFCF-4EBC-A049-FA4C6B4092BB} = {DF908976-B7FB-4F1C-A315-D19A08427C77}
		{FF7C22F7-323D-4A13-969F-A7EB963C5F79} = {DF908976-B7FB-4F1C-A315-D19A08427C77}
		{80EA75EC-ABCF-4B9D-910D-3152484439C1} = {DF908976-B7FB-4F1C-A315-D19A08427C77}
		{FE6DC812-5883-4FC6-B5C4-C078E47AF489} = {DF908976-B7FB-4F1C-A315-D19A08427C77}
		{1FBD63F3-B3C0-4247-9946-D9958AF71F73} = {6AF6848E-E363-481E-A67F-18048BEEA805}
		{0470BE1E-4A7A-4711-9F8D-8785C72AB982} = {DF908976-B7FB-4F1C-A315-D19A08427C77}
		{80325BD4-E8F1-4089-8A47-6D08480458C2} = {DF908976-B7FB-4F1C-A315-D19A08427C77}
		{C125F80B-416E-4A4A-BBAF-5F3CBDCDC688} = {DF908976-B7FB-4F1C-A315-D19A08427C77}
		{01DF6FF5-E62E-4C38-8915-68A832FF6CAF} = {DF908976-B7FB-4F1C-A315-D19A08427C77}
		{751A0DD1-92DD-4592-B124-DE4BE692F08C} = {DF908976-B7FB-4F1C-A315-D19A08427C77}
		{B7DCDD63-89C9-400A-94F6-116924A9A28B} = {DF908976-B7FB-4F1C-A315-D19A08427C77}
		{5288DE09-11B3-4014-BFF7-324904EE2D1D} = {DF908976-B7FB-4F1C-A315-D19A08427C77}
		{EBA6E096-5EE9-49BA-BB20-C751A4676F8A} = {DF908976-B7FB-4F1C-A315-D19A08427C77}
		{1FF9BFF4-6009-4001-B0EE-2E71B3CBC34D} = {DF908976-B7FB-4F1C-A315-D19A08427C77}
		{F54DD2F6-CC8D-4780-B757-045E314BB06B} = {DF908976-B7FB-4F1C-A315-D19A08427C77}
		{E440ED71-DF39-41B2-9F9C-4F596AA6FBD0} = {DF908976-B7FB-4F1C-A315-D19A08427C77}
		{8711049E-69F8-4C0E-84EF-0AF72DE541E4} = {E440ED71-DF39-41B2-9F9C-4F596AA6FBD0}
		{BE6426BF-AFD0-4281-98D4-BD89601A6909} = {E440ED71-DF39-41B2-9F9C-4F596AA6FBD0}
		{2F117B57-38D0-486D-869B-AACEE8DF690D} = {E440ED71-DF39-41B2-9F9C-4F596AA6FBD0}
	EndGlobalSection
	GlobalSection(ExtensibilityGlobals) = postSolution
		SolutionGuid = {FDABC62A-2762-444A-9B2A-EEFE78D0BA37}
	EndGlobalSection
EndGlobal
