
Microsoft Visual Studio Solution File, Format Version 12.00
# Visual Studio 15
VisualStudioVersion = 15.0.27703.2047
MinimumVisualStudioVersion = 10.0.40219.1
Project("{FAE04EC0-301F-11D3-BF4B-00C04F79EFBC}") = "JeuDroides.Console.UI", "JeuDroides.Console.UI\JeuDroides.Console.UI.csproj", "{ECBFC130-C4D5-42EC-AC03-A824D1FD2F91}"
EndProject
Project("{FAE04EC0-301F-11D3-BF4B-00C04F79EFBC}") = "ZooDesRobots", "ZooDesRobots\ZooDesRobots.csproj", "{24B6C2EF-EFCF-4EBC-A049-FA4C6B4092BB}"
EndProject
Project("{FAE04EC0-301F-11D3-BF4B-00C04F79EFBC}") = "Calculateur", "Calculateur\Calculateur.csproj", "{FF7C22F7-323D-4A13-969F-A7EB963C5F79}"
EndProject
Project("{FAE04EC0-301F-11D3-BF4B-00C04F79EFBC}") = "PresentationEnumeration", "PresentationEnumeration\PresentationEnumeration.csproj", "{80EA75EC-ABCF-4B9D-910D-3152484439C1}"
EndProject
Project("{2150E333-8FDC-42A3-9474-1A3956D46DE8}") = "Projets Auxilliaires", "Projets Auxilliaires", "{DF908976-B7FB-4F1C-A315-D19A08427C77}"
EndProject
Project("{2150E333-8FDC-42A3-9474-1A3956D46DE8}") = "Projet Final", "Projet Final", "{6AF6848E-E363-481E-A67F-18048BEEA805}"
EndProject
Project("{FAE04EC0-301F-11D3-BF4B-00C04F79EFBC}") = "boss2", "boss2\boss2.csproj", "{FE6DC812-5883-4FC6-B5C4-C078E47AF489}"
EndProject
Project("{FAE04EC0-301F-11D3-BF4B-00C04F79EFBC}") = "JeuDroides.Core", "JeuDroides.Core\JeuDroides.Core.csproj", "{1FBD63F3-B3C0-4247-9946-D9958AF71F73}"
EndProject
Project("{FAE04EC0-301F-11D3-BF4B-00C04F79EFBC}") = "DecouverteAdoNet", "DecouverteAdoNet\DecouverteAdoNet.csproj", "{0470BE1E-4A7A-4711-9F8D-8785C72AB982}"
EndProject
Project("{FAE04EC0-301F-11D3-BF4B-00C04F79EFBC}") = "DecouverteAdoNetBisExecuteNonQuery", "DecouverteAdoNetBisExecuteNonQuery\DecouverteAdoNetBisExecuteNonQuery.csproj", "{80325BD4-E8F1-4089-8A47-6D08480458C2}"
EndProject
Project("{FAE04EC0-301F-11D3-BF4B-00C04F79EFBC}") = "GestionWookies", "GestionWookies\GestionWookies.csproj", "{C125F80B-416E-4A4A-BBAF-5F3CBDCDC688}"
EndProject
Project("{FAE04EC0-301F-11D3-BF4B-00C04F79EFBC}") = "DecouverteMvcNet", "DecouverteMvcNet\DecouverteMvcNet.csproj", "{F6102288-544D-43F3-9967-1DD16EFC7D16}"
EndProject
Global
	GlobalSection(SolutionConfigurationPlatforms) = preSolution
		Debug|Any CPU = Debug|Any CPU
		Release|Any CPU = Release|Any CPU
	EndGlobalSection
	GlobalSection(ProjectConfigurationPlatforms) = postSolution
		{ECBFC130-C4D5-42EC-AC03-A824D1FD2F91}.Debug|Any CPU.ActiveCfg = Debug|Any CPU
		{ECBFC130-C4D5-42EC-AC03-A824D1FD2F91}.Debug|Any CPU.Build.0 = Debug|Any CPU
		{ECBFC130-C4D5-42EC-AC03-A824D1FD2F91}.Release|Any CPU.ActiveCfg = Release|Any CPU
		{ECBFC130-C4D5-42EC-AC03-A824D1FD2F91}.Release|Any CPU.Build.0 = Release|Any CPU
		{24B6C2EF-EFCF-4EBC-A049-FA4C6B4092BB}.Debug|Any CPU.ActiveCfg = Debug|Any CPU
		{24B6C2EF-EFCF-4EBC-A049-FA4C6B4092BB}.Debug|Any CPU.Build.0 = Debug|Any CPU
		{24B6C2EF-EFCF-4EBC-A049-FA4C6B4092BB}.Release|Any CPU.ActiveCfg = Release|Any CPU
		{24B6C2EF-EFCF-4EBC-A049-FA4C6B4092BB}.Release|Any CPU.Build.0 = Release|Any CPU
		{FF7C22F7-323D-4A13-969F-A7EB963C5F79}.Debug|Any CPU.ActiveCfg = Debug|Any CPU
		{FF7C22F7-323D-4A13-969F-A7EB963C5F79}.Debug|Any CPU.Build.0 = Debug|Any CPU
		{FF7C22F7-323D-4A13-969F-A7EB963C5F79}.Release|Any CPU.ActiveCfg = Release|Any CPU
		{FF7C22F7-323D-4A13-969F-A7EB963C5F79}.Release|Any CPU.Build.0 = Release|Any CPU
		{80EA75EC-ABCF-4B9D-910D-3152484439C1}.Debug|Any CPU.ActiveCfg = Debug|Any CPU
		{80EA75EC-ABCF-4B9D-910D-3152484439C1}.Debug|Any CPU.Build.0 = Debug|Any CPU
		{80EA75EC-ABCF-4B9D-910D-3152484439C1}.Release|Any CPU.ActiveCfg = Release|Any CPU
		{80EA75EC-ABCF-4B9D-910D-3152484439C1}.Release|Any CPU.Build.0 = Release|Any CPU
		{FE6DC812-5883-4FC6-B5C4-C078E47AF489}.Debug|Any CPU.ActiveCfg = Debug|Any CPU
		{FE6DC812-5883-4FC6-B5C4-C078E47AF489}.Debug|Any CPU.Build.0 = Debug|Any CPU
		{FE6DC812-5883-4FC6-B5C4-C078E47AF489}.Release|Any CPU.ActiveCfg = Release|Any CPU
		{FE6DC812-5883-4FC6-B5C4-C078E47AF489}.Release|Any CPU.Build.0 = Release|Any CPU
		{1FBD63F3-B3C0-4247-9946-D9958AF71F73}.Debug|Any CPU.ActiveCfg = Debug|Any CPU
		{1FBD63F3-B3C0-4247-9946-D9958AF71F73}.Debug|Any CPU.Build.0 = Debug|Any CPU
		{1FBD63F3-B3C0-4247-9946-D9958AF71F73}.Release|Any CPU.ActiveCfg = Release|Any CPU
		{1FBD63F3-B3C0-4247-9946-D9958AF71F73}.Release|Any CPU.Build.0 = Release|Any CPU
		{0470BE1E-4A7A-4711-9F8D-8785C72AB982}.Debug|Any CPU.ActiveCfg = Debug|Any CPU
		{0470BE1E-4A7A-4711-9F8D-8785C72AB982}.Debug|Any CPU.Build.0 = Debug|Any CPU
		{0470BE1E-4A7A-4711-9F8D-8785C72AB982}.Release|Any CPU.ActiveCfg = Release|Any CPU
		{0470BE1E-4A7A-4711-9F8D-8785C72AB982}.Release|Any CPU.Build.0 = Release|Any CPU
		{80325BD4-E8F1-4089-8A47-6D08480458C2}.Debug|Any CPU.ActiveCfg = Debug|Any CPU
		{80325BD4-E8F1-4089-8A47-6D08480458C2}.Debug|Any CPU.Build.0 = Debug|Any CPU
		{80325BD4-E8F1-4089-8A47-6D08480458C2}.Release|Any CPU.ActiveCfg = Release|Any CPU
		{80325BD4-E8F1-4089-8A47-6D08480458C2}.Release|Any CPU.Build.0 = Release|Any CPU
		{C125F80B-416E-4A4A-BBAF-5F3CBDCDC688}.Debug|Any CPU.ActiveCfg = Debug|Any CPU
		{C125F80B-416E-4A4A-BBAF-5F3CBDCDC688}.Debug|Any CPU.Build.0 = Debug|Any CPU
		{C125F80B-416E-4A4A-BBAF-5F3CBDCDC688}.Release|Any CPU.ActiveCfg = Release|Any CPU
		{C125F80B-416E-4A4A-BBAF-5F3CBDCDC688}.Release|Any CPU.Build.0 = Release|Any CPU
		{F6102288-544D-43F3-9967-1DD16EFC7D16}.Debug|Any CPU.ActiveCfg = Debug|Any CPU
		{F6102288-544D-43F3-9967-1DD16EFC7D16}.Debug|Any CPU.Build.0 = Debug|Any CPU
		{F6102288-544D-43F3-9967-1DD16EFC7D16}.Release|Any CPU.ActiveCfg = Release|Any CPU
		{F6102288-544D-43F3-9967-1DD16EFC7D16}.Release|Any CPU.Build.0 = Release|Any CPU
	EndGlobalSection
	GlobalSection(SolutionProperties) = preSolution
		HideSolutionNode = FALSE
	EndGlobalSection
	GlobalSection(NestedProjects) = preSolution
		{ECBFC130-C4D5-42EC-AC03-A824D1FD2F91} = {6AF6848E-E363-481E-A67F-18048BEEA805}
		{24B6C2EF-EFCF-4EBC-A049-FA4C6B4092BB} = {DF908976-B7FB-4F1C-A315-D19A08427C77}
		{FF7C22F7-323D-4A13-969F-A7EB963C5F79} = {DF908976-B7FB-4F1C-A315-D19A08427C77}
		{80EA75EC-ABCF-4B9D-910D-3152484439C1} = {DF908976-B7FB-4F1C-A315-D19A08427C77}
		{FE6DC812-5883-4FC6-B5C4-C078E47AF489} = {DF908976-B7FB-4F1C-A315-D19A08427C77}
		{1FBD63F3-B3C0-4247-9946-D9958AF71F73} = {6AF6848E-E363-481E-A67F-18048BEEA805}
		{0470BE1E-4A7A-4711-9F8D-8785C72AB982} = {DF908976-B7FB-4F1C-A315-D19A08427C77}
		{80325BD4-E8F1-4089-8A47-6D08480458C2} = {DF908976-B7FB-4F1C-A315-D19A08427C77}
		{C125F80B-416E-4A4A-BBAF-5F3CBDCDC688} = {DF908976-B7FB-4F1C-A315-D19A08427C77}
		{F6102288-544D-43F3-9967-1DD16EFC7D16} = {DF908976-B7FB-4F1C-A315-D19A08427C77}
	EndGlobalSection
	GlobalSection(ExtensibilityGlobals) = postSolution
		SolutionGuid = {FDABC62A-2762-444A-9B2A-EEFE78D0BA37}
	EndGlobalSection
EndGlobal
